
Microsoft Visual Studio Solution File, Format Version 12.00
# Visual Studio Version 16
VisualStudioVersion = 16.0.808.4
MinimumVisualStudioVersion = 10.0.40219.1
Project("{FAE04EC0-301F-11D3-BF4B-00C04F79EFBC}") = "cs-unity-mesh-tool", "cs-unity-mesh-tool.csproj", "{08AAADD5-1A74-4946-B2F8-23BA0FD722C1}"
EndProject
Global
	GlobalSection(SolutionConfigurationPlatforms) = preSolution
		Debug|Any CPU = Debug|Any CPU
		Release|Any CPU = Release|Any CPU
	EndGlobalSection
	GlobalSection(ProjectConfigurationPlatforms) = postSolution
		{08AAADD5-1A74-4946-B2F8-23BA0FD722C1}.Debug|Any CPU.ActiveCfg = Debug|Any CPU
		{08AAADD5-1A74-4946-B2F8-23BA0FD722C1}.Debug|Any CPU.Build.0 = Debug|Any CPU
		{08AAADD5-1A74-4946-B2F8-23BA0FD722C1}.Release|Any CPU.ActiveCfg = Release|Any CPU
		{08AAADD5-1A74-4946-B2F8-23BA0FD722C1}.Release|Any CPU.Build.0 = Release|Any CPU
	EndGlobalSection
	GlobalSection(SolutionProperties) = preSolution
		HideSolutionNode = FALSE
	EndGlobalSection
	GlobalSection(ExtensibilityGlobals) = postSolution
		SolutionGuid = {233CBC4C-EDD5-4AF9-923B-70DE462283FE}
	EndGlobalSection
EndGlobal
